
Microsoft Visual Studio Solution File, Format Version 12.00
# Visual Studio Version 17
VisualStudioVersion = 17.7.34024.191
MinimumVisualStudioVersion = 10.0.40219.1
Project("{FAE04EC0-301F-11D3-BF4B-00C04F79EFBC}") = "ViaCep", "ViaCep.csproj", "{C56D7502-A17A-4417-A726-50B3EFDE6193}"
EndProject
Global
	GlobalSection(SolutionConfigurationPlatforms) = preSolution
		Debug|Any CPU = Debug|Any CPU
		Release|Any CPU = Release|Any CPU
	EndGlobalSection
	GlobalSection(ProjectConfigurationPlatforms) = postSolution
		{C56D7502-A17A-4417-A726-50B3EFDE6193}.Debug|Any CPU.ActiveCfg = Debug|Any CPU
		{C56D7502-A17A-4417-A726-50B3EFDE6193}.Debug|Any CPU.Build.0 = Debug|Any CPU
		{C56D7502-A17A-4417-A726-50B3EFDE6193}.Release|Any CPU.ActiveCfg = Release|Any CPU
		{C56D7502-A17A-4417-A726-50B3EFDE6193}.Release|Any CPU.Build.0 = Release|Any CPU
	EndGlobalSection
	GlobalSection(SolutionProperties) = preSolution
		HideSolutionNode = FALSE
	EndGlobalSection
	GlobalSection(ExtensibilityGlobals) = postSolution
		SolutionGuid = {43523576-AAEE-4319-95F0-6CC5990F745E}
	EndGlobalSection
EndGlobal
